// !$*UTF8*$!
{
	archiveVersion = 1;
	classes = {
	};
	objectVersion = 110;
	objects = {

/* Begin PBXBuildFile section */
		45699C1130591F6D0067C481 /* AppDelegate.swift in Sources */ = {isa = PBXBuildFile; fileRef = 45699C1030591F6D0067C481 /* AppDelegate.swift */; };
		45699C1530591F6D0067C481 /* Main.html in Resources */ = {isa = PBXBuildFile; fileRef = 45699C1330591F6D0067C481 /* Main.html */; };
		45699C1730591F6D0067C481 /* Icon.png in Resources */ = {isa = PBXBuildFile; fileRef = 45699C1630591F6D0067C481 /* Icon.png */; };
		45699C1930591F6D0067C481 /* Style.css in Resources */ = {isa = PBXBuildFile; fileRef = 45699C1830591F6D0067C481 /* Style.css */; };
		45699C1B30591F6D0067C481 /* Script.js in Resources */ = {isa = PBXBuildFile; fileRef = 45699C1A30591F6D0067C481 /* Script.js */; };
		45699C1D30591F6D0067C481 /* ViewController.swift in Sources */ = {isa = PBXBuildFile; fileRef = 45699C1C30591F6D0067C481 /* ViewController.swift */; };
		45699C2030591F6D0067C481 /* Main.storyboard in Resources */ = {isa = PBXBuildFile; fileRef = 45699C1E30591F6D0067C481 /* Main.storyboard */; };
		45699C2230591F6E0067C481 /* Assets.xcassets in Resources */ = {isa = PBXBuildFile; fileRef = 45699C2130591F6E0067C481 /* Assets.xcassets */; };
		45699C2930591F6E0067C481 /* Minimal Twitter Safari Extension.appex in Embed Foundation Extensions */ = {isa = PBXBuildFile; fileRef = 45699C2830591F6E0067C481 /* Minimal Twitter Safari Extension.appex */; settings = {ATTRIBUTES = (RemoveHeadersOnCopy, ); }; };
		45699C2E30591F6E0067C481 /* SafariWebExtensionHandler.swift in Sources */ = {isa = PBXBuildFile; fileRef = 45699C2D30591F6E0067C481 /* SafariWebExtensionHandler.swift */; };
		45699C4330591F6E0067C481 /* next in Resources */ = {isa = PBXBuildFile; fileRef = 45699C3A30591F6E0067C481 /* next */; };
		45699C4430591F6E0067C481 /* index.html in Resources */ = {isa = PBXBuildFile; fileRef = 45699C3B30591F6E0067C481 /* index.html */; };
		45699C4530591F6E0067C481 /* background.js in Resources */ = {isa = PBXBuildFile; fileRef = 45699C3C30591F6E0067C481 /* background.js */; };
		45699C4630591F6E0067C481 /* css in Resources */ = {isa = PBXBuildFile; fileRef = 45699C3D30591F6E0067C481 /* css */; };
		45699C4730591F6E0067C481 /* dist in Resources */ = {isa = PBXBuildFile; fileRef = 45699C3E30591F6E0067C481 /* dist */; };
		45699C4830591F6E0067C481 /* images in Resources */ = {isa = PBXBuildFile; fileRef = 45699C3F30591F6E0067C481 /* images */; };
		45699C4930591F6E0067C481 /* 404.html in Resources */ = {isa = PBXBuildFile; fileRef = 45699C4030591F6E0067C481 /* 404.html */; };
		45699C4A30591F6E0067C481 /* manifest.json in Resources */ = {isa = PBXBuildFile; fileRef = 45699C4130591F6E0067C481 /* manifest.json */; };
		45699C4B30591F6E0067C481 /* fonts in Resources */ = {isa = PBXBuildFile; fileRef = 45699C4230591F6E0067C481 /* fonts */; };
/* End PBXBuildFile section */

/* Begin PBXContainerItemProxy section */
		45699C2A30591F6E0067C481 /* PBXContainerItemProxy */ = {
			isa = PBXContainerItemProxy;
			containerPortal = 45699C0530591F6D0067C481 /* Project object */;
			proxyType = 1;
			remoteGlobalIDString = 45699C2730591F6E0067C481;
			remoteInfo = "Minimal Twitter Safari Extension";
		};
/* End PBXContainerItemProxy section */

/* Begin PBXCopyFilesBuildPhase section */
		45699C3530591F6E0067C481 /* Embed Foundation Extensions */ = {
			isa = PBXCopyFilesBuildPhase;
			dstPath = "";
			dstSubfolder = PlugIns;
			files = (
				45699C2930591F6E0067C481 /* Minimal Twitter Safari Extension.appex in Embed Foundation Extensions */,
			);
			name = "Embed Foundation Extensions";
		};
/* End PBXCopyFilesBuildPhase section */

/* Begin PBXFileReference section */
		45699C0D30591F6D0067C481 /* Minimal Twitter Safari.app */ = {isa = PBXFileReference; explicitFileType = wrapper.application; includeInIndex = 0; path = "Minimal Twitter Safari.app"; sourceTree = BUILT_PRODUCTS_DIR; };
		45699C1030591F6D0067C481 /* AppDelegate.swift */ = {isa = PBXFileReference; lastKnownFileType = sourcecode.swift; path = AppDelegate.swift; sourceTree = "<group>"; };
		45699C1430591F6D0067C481 /* Base */ = {isa = PBXFileReference; lastKnownFileType = text.html; name = Base; path = Base.lproj/Main.html; sourceTree = "<group>"; };
		45699C1630591F6D0067C481 /* Icon.png */ = {isa = PBXFileReference; lastKnownFileType = image.png; path = Icon.png; sourceTree = "<group>"; };
		45699C1830591F6D0067C481 /* Style.css */ = {isa = PBXFileReference; lastKnownFileType = text.css; path = Style.css; sourceTree = "<group>"; };
		45699C1A30591F6D0067C481 /* Script.js */ = {isa = PBXFileReference; lastKnownFileType = sourcecode.javascript; path = Script.js; sourceTree = "<group>"; };
		45699C1C30591F6D0067C481 /* ViewController.swift */ = {isa = PBXFileReference; lastKnownFileType = sourcecode.swift; path = ViewController.swift; sourceTree = "<group>"; };
		45699C1F30591F6D0067C481 /* Base */ = {isa = PBXFileReference; lastKnownFileType = file.storyboard; name = Base; path = Base.lproj/Main.storyboard; sourceTree = "<group>"; };
		45699C2130591F6E0067C481 /* Assets.xcassets */ = {isa = PBXFileReference; lastKnownFileType = folder.assetcatalog; path = Assets.xcassets; sourceTree = "<group>"; };
		45699C2330591F6E0067C481 /* Info.plist */ = {isa = PBXFileReference; lastKnownFileType = text.plist.xml; path = Info.plist; sourceTree = "<group>"; };
		45699C2830591F6E0067C481 /* Minimal Twitter Safari Extension.appex */ = {isa = PBXFileReference; explicitFileType = "wrapper.app-extension"; includeInIndex = 0; path = "Minimal Twitter Safari Extension.appex"; sourceTree = BUILT_PRODUCTS_DIR; };
		45699C2D30591F6E0067C481 /* SafariWebExtensionHandler.swift */ = {isa = PBXFileReference; lastKnownFileType = sourcecode.swift; path = SafariWebExtensionHandler.swift; sourceTree = "<group>"; };
		45699C2F30591F6E0067C481 /* Info.plist */ = {isa = PBXFileReference; lastKnownFileType = text.plist.xml; path = Info.plist; sourceTree = "<group>"; };
		45699C3A30591F6E0067C481 /* next */ = {isa = PBXFileReference; lastKnownFileType = folder; name = next; path = Resources/next; sourceTree = "<group>"; };
		45699C3B30591F6E0067C481 /* index.html */ = {isa = PBXFileReference; lastKnownFileType = text.html; name = index.html; path = Resources/index.html; sourceTree = "<group>"; };
		45699C3C30591F6E0067C481 /* background.js */ = {isa = PBXFileReference; lastKnownFileType = sourcecode.javascript; name = background.js; path = Resources/background.js; sourceTree = "<group>"; };
		45699C3D30591F6E0067C481 /* css */ = {isa = PBXFileReference; lastKnownFileType = folder; name = css; path = Resources/css; sourceTree = "<group>"; };
		45699C3E30591F6E0067C481 /* dist */ = {isa = PBXFileReference; lastKnownFileType = folder; name = dist; path = Resources/dist; sourceTree = "<group>"; };
		45699C3F30591F6E0067C481 /* images */ = {isa = PBXFileReference; lastKnownFileType = folder; name = images; path = Resources/images; sourceTree = "<group>"; };
		45699C4030591F6E0067C481 /* 404.html */ = {isa = PBXFileReference; lastKnownFileType = text.html; name = 404.html; path = Resources/404.html; sourceTree = "<group>"; };
		45699C4130591F6E0067C481 /* manifest.json */ = {isa = PBXFileReference; lastKnownFileType = text.json; name = manifest.json; path = Resources/manifest.json; sourceTree = "<group>"; };
		45699C4230591F6E0067C481 /* fonts */ = {isa = PBXFileReference; lastKnownFileType = folder; name = fonts; path = Resources/fonts; sourceTree = "<group>"; };
/* End PBXFileReference section */

/* Begin PBXFrameworksBuildPhase section */
		45699C0A30591F6D0067C481 /* Frameworks */ = {
			isa = PBXFrameworksBuildPhase;
			files = (
			);
		};
		45699C2530591F6E0067C481 /* Frameworks */ = {
			isa = PBXFrameworksBuildPhase;
			files = (
			);
		};
/* End PBXFrameworksBuildPhase section */

/* Begin PBXGroup section */
		45699C0430591F6D0067C481 = {
			isa = PBXGroup;
			children = (
				45699C0F30591F6D0067C481 /* Minimal Twitter Safari */,
				45699C2C30591F6E0067C481 /* Minimal Twitter Safari Extension */,
				45699C0E30591F6D0067C481 /* Products */,
			);
			sourceTree = "<group>";
		};
		45699C0E30591F6D0067C481 /* Products */ = {
			isa = PBXGroup;
			children = (
				45699C0D30591F6D0067C481 /* Minimal Twitter Safari.app */,
				45699C2830591F6E0067C481 /* Minimal Twitter Safari Extension.appex */,
			);
			name = Products;
			sourceTree = "<group>";
		};
		45699C0F30591F6D0067C481 /* Minimal Twitter Safari */ = {
			isa = PBXGroup;
			children = (
				45699C1030591F6D0067C481 /* AppDelegate.swift */,
				45699C1C30591F6D0067C481 /* ViewController.swift */,
				45699C1E30591F6D0067C481 /* Main.storyboard */,
				45699C2130591F6E0067C481 /* Assets.xcassets */,
				45699C2330591F6E0067C481 /* Info.plist */,
				45699C1230591F6D0067C481 /* Resources */,
			);
			path = "Minimal Twitter Safari";
			sourceTree = "<group>";
		};
		45699C1230591F6D0067C481 /* Resources */ = {
			isa = PBXGroup;
			children = (
				45699C1330591F6D0067C481 /* Main.html */,
				45699C1630591F6D0067C481 /* Icon.png */,
				45699C1830591F6D0067C481 /* Style.css */,
				45699C1A30591F6D0067C481 /* Script.js */,
			);
			path = Resources;
			sourceTree = "<group>";
		};
		45699C2C30591F6E0067C481 /* Minimal Twitter Safari Extension */ = {
			isa = PBXGroup;
			children = (
				45699C3930591F6E0067C481 /* Resources */,
				45699C2D30591F6E0067C481 /* SafariWebExtensionHandler.swift */,
				45699C2F30591F6E0067C481 /* Info.plist */,
			);
			path = "Minimal Twitter Safari Extension";
			sourceTree = "<group>";
		};
		45699C3930591F6E0067C481 /* Resources */ = {
			isa = PBXGroup;
			children = (
				45699C3A30591F6E0067C481 /* next */,
				45699C3B30591F6E0067C481 /* index.html */,
				45699C3C30591F6E0067C481 /* background.js */,
				45699C3D30591F6E0067C481 /* css */,
				45699C3E30591F6E0067C481 /* dist */,
				45699C3F30591F6E0067C481 /* images */,
				45699C4030591F6E0067C481 /* 404.html */,
				45699C4130591F6E0067C481 /* manifest.json */,
				45699C4230591F6E0067C481 /* fonts */,
			);
			name = Resources;
			path = "Minimal Twitter Safari Extension";
			sourceTree = SOURCE_ROOT;
		};
/* End PBXGroup section */

/* Begin PBXNativeTarget section */
		45699C0C30591F6D0067C481 /* Minimal Twitter Safari */ = {
			isa = PBXNativeTarget;
			buildConfigurationList = 45699C3630591F6E0067C481 /* Build configuration list for PBXNativeTarget "Minimal Twitter Safari" */;
			buildPhases = (
				45699C0930591F6D0067C481 /* Sources */,
				45699C0A30591F6D0067C481 /* Frameworks */,
				45699C0B30591F6D0067C481 /* Resources */,
				45699C3530591F6E0067C481 /* Embed Foundation Extensions */,
			);
			buildRules = (
			);
			dependencies = (
				45699C2B30591F6E0067C481 /* PBXTargetDependency */,
			);
			name = "Minimal Twitter Safari";
			productName = "Minimal Twitter Safari";
			productReference = 45699C0D30591F6D0067C481 /* Minimal Twitter Safari.app */;
			productType = "com.apple.product-type.application";
		};
		45699C2730591F6E0067C481 /* Minimal Twitter Safari Extension */ = {
			isa = PBXNativeTarget;
			buildConfigurationList = 45699C3230591F6E0067C481 /* Build configuration list for PBXNativeTarget "Minimal Twitter Safari Extension" */;
			buildPhases = (
				45699C2430591F6E0067C481 /* Sources */,
				45699C2530591F6E0067C481 /* Frameworks */,
				45699C2630591F6E0067C481 /* Resources */,
			);
			buildRules = (
			);
			name = "Minimal Twitter Safari Extension";
			productName = "Minimal Twitter Safari Extension";
			productReference = 45699C2830591F6E0067C481 /* Minimal Twitter Safari Extension.appex */;
			productType = "com.apple.product-type.app-extension";
		};
/* End PBXNativeTarget section */

/* Begin PBXProject section */
		45699C0530591F6D0067C481 /* Project object */ = {
			isa = PBXProject;
			attributes = {
				BuildIndependentTargetsInParallel = 1;
				LastSwiftUpdateCheck = 2700;
				LastUpgradeCheck = 2700;
				TargetAttributes = {
					45699C0C30591F6D0067C481 = {
						CreatedOnToolsVersion = 27.0;
					};
					45699C2730591F6E0067C481 = {
						CreatedOnToolsVersion = 27.0;
					};
				};
			};
			buildConfigurationList = 45699C0830591F6D0067C481 /* Build configuration list for PBXProject "Minimal Twitter Safari" */;
			developmentRegion = en;
			hasScannedForEncodings = 0;
			knownRegions = (
				en,
				Base,
			);
			mainGroup = 45699C0430591F6D0067C481;
			minimizedProjectReferenceProxies = 1;
			preferredProjectObjectVersion = 77;
			productRefGroup = 45699C0E30591F6D0067C481 /* Products */;
			projectDirPath = "";
			projectRoot = "";
			targets = (
				45699C0C30591F6D0067C481 /* Minimal Twitter Safari */,
				45699C2730591F6E0067C481 /* Minimal Twitter Safari Extension */,
			);
		};
/* End PBXProject section */

/* Begin PBXResourcesBuildPhase section */
		45699C0B30591F6D0067C481 /* Resources */ = {
			isa = PBXResourcesBuildPhase;
			files = (
				45699C1730591F6D0067C481 /* Icon.png in Resources */,
				45699C2030591F6D0067C481 /* Main.storyboard in Resources */,
				45699C1B30591F6D0067C481 /* Script.js in Resources */,
				45699C1530591F6D0067C481 /* Main.html in Resources */,
				45699C2230591F6E0067C481 /* Assets.xcassets in Resources */,
				45699C1930591F6D0067C481 /* Style.css in Resources */,
			);
		};
		45699C2630591F6E0067C481 /* Resources */ = {
			isa = PBXResourcesBuildPhase;
			files = (
				45699C4930591F6E0067C481 /* 404.html in Resources */,
				45699C4830591F6E0067C481 /* images in Resources */,
				45699C4630591F6E0067C481 /* css in Resources */,
				45699C4330591F6E0067C481 /* next in Resources */,
				45699C4A30591F6E0067C481 /* manifest.json in Resources */,
				45699C4730591F6E0067C481 /* dist in Resources */,
				45699C4B30591F6E0067C481 /* fonts in Resources */,
				45699C4530591F6E0067C481 /* background.js in Resources */,
				45699C4430591F6E0067C481 /* index.html in Resources */,
			);
		};
/* End PBXResourcesBuildPhase section */

/* Begin PBXSourcesBuildPhase section */
		45699C0930591F6D0067C481 /* Sources */ = {
			isa = PBXSourcesBuildPhase;
			files = (
				45699C1D30591F6D0067C481 /* ViewController.swift in Sources */,
				45699C1130591F6D0067C481 /* AppDelegate.swift in Sources */,
			);
		};
		45699C2430591F6E0067C481 /* Sources */ = {
			isa = PBXSourcesBuildPhase;
			files = (
				45699C2E30591F6E0067C481 /* SafariWebExtensionHandler.swift in Sources */,
			);
		};
/* End PBXSourcesBuildPhase section */

/* Begin PBXTargetDependency section */
		45699C2B30591F6E0067C481 /* PBXTargetDependency */ = {
			isa = PBXTargetDependency;
			target = 45699C2730591F6E0067C481 /* Minimal Twitter Safari Extension */;
			targetProxy = 45699C2A30591F6E0067C481 /* PBXContainerItemProxy */;
		};
/* End PBXTargetDependency section */

/* Begin PBXVariantGroup section */
		45699C1330591F6D0067C481 /* Main.html */ = {
			isa = PBXVariantGroup;
			children = (
				45699C1430591F6D0067C481 /* Base */,
			);
			name = Main.html;
			sourceTree = "<group>";
		};
		45699C1E30591F6D0067C481 /* Main.storyboard */ = {
			isa = PBXVariantGroup;
			children = (
				45699C1F30591F6D0067C481 /* Base */,
			);
			name = Main.storyboard;
			sourceTree = "<group>";
		};
/* End PBXVariantGroup section */

/* Begin XCBuildConfiguration section */
		45699C3030591F6E0067C481 /* Debug configuration for PBXProject "Minimal Twitter Safari" */ = {
			isa = XCBuildConfiguration;
			buildSettings = {
				ALWAYS_SEARCH_USER_PATHS = NO;
				ASSETCATALOG_COMPILER_GENERATE_SWIFT_ASSET_SYMBOL_EXTENSIONS = YES;
				CLANG_ANALYZER_NONNULL = YES;
				CLANG_ANALYZER_NUMBER_OBJECT_CONVERSION = YES_AGGRESSIVE;
				CLANG_CXX_LANGUAGE_STANDARD = "gnu++20";
				CLANG_ENABLE_MODULES = YES;
				CLANG_ENABLE_OBJC_ARC = YES;
				CLANG_ENABLE_OBJC_WEAK = YES;
				CLANG_WARN_BLOCK_CAPTURE_AUTORELEASING = YES;
				CLANG_WARN_BOOL_CONVERSION = YES;
				CLANG_WARN_COMMA = YES;
				CLANG_WARN_CONSTANT_CONVERSION = YES;
				CLANG_WARN_DEPRECATED_OBJC_IMPLEMENTATIONS = YES;
				CLANG_WARN_DIRECT_OBJC_ISA_USAGE = YES_ERROR;
				CLANG_WARN_DOCUMENTATION_COMMENTS = YES;
				CLANG_WARN_EMPTY_BODY = YES;
				CLANG_WARN_ENUM_CONVERSION = YES;
				CLANG_WARN_INFINITE_RECURSION = YES;
				CLANG_WARN_INT_CONVERSION = YES;
				CLANG_WARN_NON_LITERAL_NULL_CONVERSION = YES;
				CLANG_WARN_OBJC_IMPLICIT_RETAIN_SELF = YES;
				CLANG_WARN_OBJC_LITERAL_CONVERSION = YES;
				CLANG_WARN_OBJC_ROOT_CLASS = YES_ERROR;
				CLANG_WARN_QUOTED_INCLUDE_IN_FRAMEWORK_HEADER = YES;
				CLANG_WARN_RANGE_LOOP_ANALYSIS = YES;
				CLANG_WARN_STRICT_PROTOTYPES = YES;
				CLANG_WARN_SUSPICIOUS_MOVE = YES;
				CLANG_WARN_UNGUARDED_AVAILABILITY = YES_AGGRESSIVE;
				CLANG_WARN_UNREACHABLE_CODE = YES;
				CLANG_WARN__DUPLICATE_METHOD_MATCH = YES;
				COPY_PHASE_STRIP = NO;
				DEBUG_INFORMATION_FORMAT = dwarf;
				DEVELOPMENT_TEAM = 5Q5QT76MJU;
				ENABLE_STRICT_OBJC_MSGSEND = YES;
				ENABLE_TESTABILITY = YES;
				ENABLE_USER_SCRIPT_SANDBOXING = YES;
				GCC_C_LANGUAGE_STANDARD = gnu17;
				GCC_DYNAMIC_NO_PIC = NO;
				GCC_NO_COMMON_BLOCKS = YES;
				GCC_OPTIMIZATION_LEVEL = 0;
				GCC_PREPROCESSOR_DEFINITIONS = (
					"DEBUG=1",
					"$(inherited)",
				);
				GCC_WARN_64_TO_32_BIT_CONVERSION = YES;
				GCC_WARN_ABOUT_RETURN_TYPE = YES_ERROR;
				GCC_WARN_UNDECLARED_SELECTOR = YES;
				GCC_WARN_UNINITIALIZED_AUTOS = YES_AGGRESSIVE;
				GCC_WARN_UNUSED_FUNCTION = YES;
				GCC_WARN_UNUSED_VARIABLE = YES;
				LOCALIZATION_PREFERS_STRING_CATALOGS = YES;
				MACOSX_DEPLOYMENT_TARGET = 12.0;
				MTL_ENABLE_DEBUG_INFO = INCLUDE_SOURCE;
				MTL_FAST_MATH = YES;
				ONLY_ACTIVE_ARCH = YES;
				SDKROOT = macosx;
				SWIFT_ACTIVE_COMPILATION_CONDITIONS = "DEBUG $(inherited)";
				SWIFT_OPTIMIZATION_LEVEL = "-Onone";
			};
			name = Debug;
		};
		45699C3130591F6E0067C481 /* Release configuration for PBXProject "Minimal Twitter Safari" */ = {
			isa = XCBuildConfiguration;
			buildSettings = {
				ALWAYS_SEARCH_USER_PATHS = NO;
				ASSETCATALOG_COMPILER_GENERATE_SWIFT_ASSET_SYMBOL_EXTENSIONS = YES;
				CLANG_ANALYZER_NONNULL = YES;
				CLANG_ANALYZER_NUMBER_OBJECT_CONVERSION = YES_AGGRESSIVE;
				CLANG_CXX_LANGUAGE_STANDARD = "gnu++20";
				CLANG_ENABLE_MODULES = YES;
				CLANG_ENABLE_OBJC_ARC = YES;
				CLANG_ENABLE_OBJC_WEAK = YES;
				CLANG_WARN_BLOCK_CAPTURE_AUTORELEASING = YES;
				CLANG_WARN_BOOL_CONVERSION = YES;
				CLANG_WARN_COMMA = YES;
				CLANG_WARN_CONSTANT_CONVERSION = YES;
				CLANG_WARN_DEPRECATED_OBJC_IMPLEMENTATIONS = YES;
				CLANG_WARN_DIRECT_OBJC_ISA_USAGE = YES_ERROR;
				CLANG_WARN_DOCUMENTATION_COMMENTS = YES;
				CLANG_WARN_EMPTY_BODY = YES;
				CLANG_WARN_ENUM_CONVERSION = YES;
				CLANG_WARN_INFINITE_RECURSION = YES;
				CLANG_WARN_INT_CONVERSION = YES;
				CLANG_WARN_NON_LITERAL_NULL_CONVERSION = YES;
				CLANG_WARN_OBJC_IMPLICIT_RETAIN_SELF = YES;
				CLANG_WARN_OBJC_LITERAL_CONVERSION = YES;
				CLANG_WARN_OBJC_ROOT_CLASS = YES_ERROR;
				CLANG_WARN_QUOTED_INCLUDE_IN_FRAMEWORK_HEADER = YES;
				CLANG_WARN_RANGE_LOOP_ANALYSIS = YES;
				CLANG_WARN_STRICT_PROTOTYPES = YES;
				CLANG_WARN_SUSPICIOUS_MOVE = YES;
				CLANG_WARN_UNGUARDED_AVAILABILITY = YES_AGGRESSIVE;
				CLANG_WARN_UNREACHABLE_CODE = YES;
				CLANG_WARN__DUPLICATE_METHOD_MATCH = YES;
				COPY_PHASE_STRIP = NO;
				DEBUG_INFORMATION_FORMAT = "dwarf-with-dsym";
				DEVELOPMENT_TEAM = 5Q5QT76MJU;
				ENABLE_NS_ASSERTIONS = NO;
				ENABLE_STRICT_OBJC_MSGSEND = YES;
				ENABLE_USER_SCRIPT_SANDBOXING = YES;
				GCC_C_LANGUAGE_STANDARD = gnu17;
				GCC_NO_COMMON_BLOCKS = YES;
				GCC_WARN_64_TO_32_BIT_CONVERSION = YES;
				GCC_WARN_ABOUT_RETURN_TYPE = YES_ERROR;
				GCC_WARN_UNDECLARED_SELECTOR = YES;
				GCC_WARN_UNINITIALIZED_AUTOS = YES_AGGRESSIVE;
				GCC_WARN_UNUSED_FUNCTION = YES;
				GCC_WARN_UNUSED_VARIABLE = YES;
				LOCALIZATION_PREFERS_STRING_CATALOGS = YES;
				MACOSX_DEPLOYMENT_TARGET = 12.0;
				MTL_ENABLE_DEBUG_INFO = NO;
				MTL_FAST_MATH = YES;
				SDKROOT = macosx;
				SWIFT_COMPILATION_MODE = wholemodule;
			};
			name = Release;
		};
		45699C3330591F6E0067C481 /* Debug configuration for PBXNativeTarget "Minimal Twitter Safari Extension" */ = {
			isa = XCBuildConfiguration;
			buildSettings = {
				CODE_SIGN_STYLE = Automatic;
				CURRENT_PROJECT_VERSION = 1;
				ENABLE_APP_SANDBOX = YES;
				ENABLE_HARDENED_RUNTIME = YES;
				ENABLE_USER_SELECTED_FILES = readonly;
				GENERATE_INFOPLIST_FILE = YES;
				INFOPLIST_FILE = "Minimal Twitter Safari Extension/Info.plist";
				INFOPLIST_KEY_CFBundleDisplayName = "Minimal Twitter Safari Extension";
				INFOPLIST_KEY_NSHumanReadableCopyright = "";
				LD_RUNPATH_SEARCH_PATHS = (
					"$(inherited)",
					"@executable_path/../Frameworks",
					"@executable_path/../../../../Frameworks",
				);
				MACOSX_DEPLOYMENT_TARGET = 12.0;
				MARKETING_VERSION = 1.0;
				OTHER_LDFLAGS = (
					"-framework",
					SafariServices,
				);
				PRODUCT_BUNDLE_IDENTIFIER = dev.eli.minimaltwitter.Extension;
				PRODUCT_NAME = "$(TARGET_NAME)";
				SKIP_INSTALL = YES;
				STRING_CATALOG_GENERATE_SYMBOLS = YES;
				SWIFT_APPROACHABLE_CONCURRENCY = YES;
				SWIFT_EMIT_LOC_STRINGS = YES;
				SWIFT_UPCOMING_FEATURE_MEMBER_IMPORT_VISIBILITY = YES;
				SWIFT_VERSION = 5.0;
			};
			name = Debug;
		};
		45699C3430591F6E0067C481 /* Release configuration for PBXNativeTarget "Minimal Twitter Safari Extension" */ = {
			isa = XCBuildConfiguration;
			buildSettings = {
				CODE_SIGN_STYLE = Automatic;
				CURRENT_PROJECT_VERSION = 1;
				ENABLE_APP_SANDBOX = YES;
				ENABLE_HARDENED_RUNTIME = YES;
				ENABLE_USER_SELECTED_FILES = readonly;
				GENERATE_INFOPLIST_FILE = YES;
				INFOPLIST_FILE = "Minimal Twitter Safari Extension/Info.plist";
				INFOPLIST_KEY_CFBundleDisplayName = "Minimal Twitter Safari Extension";
				INFOPLIST_KEY_NSHumanReadableCopyright = "";
				LD_RUNPATH_SEARCH_PATHS = (
					"$(inherited)",
					"@executable_path/../Frameworks",
					"@executable_path/../../../../Frameworks",
				);
				MACOSX_DEPLOYMENT_TARGET = 12.0;
				MARKETING_VERSION = 1.0;
				OTHER_LDFLAGS = (
					"-framework",
					SafariServices,
				);
				PRODUCT_BUNDLE_IDENTIFIER = dev.eli.minimaltwitter.Extension;
				PRODUCT_NAME = "$(TARGET_NAME)";
				SKIP_INSTALL = YES;
				STRING_CATALOG_GENERATE_SYMBOLS = YES;
				SWIFT_APPROACHABLE_CONCURRENCY = YES;
				SWIFT_EMIT_LOC_STRINGS = YES;
				SWIFT_UPCOMING_FEATURE_MEMBER_IMPORT_VISIBILITY = YES;
				SWIFT_VERSION = 5.0;
			};
			name = Release;
		};
		45699C3730591F6E0067C481 /* Debug configuration for PBXNativeTarget "Minimal Twitter Safari" */ = {
			isa = XCBuildConfiguration;
			buildSettings = {
				ASSETCATALOG_COMPILER_APPICON_NAME = AppIcon;
				ASSETCATALOG_COMPILER_GLOBAL_ACCENT_COLOR_NAME = AccentColor;
				CODE_SIGN_STYLE = Automatic;
				COMBINE_HIDPI_IMAGES = YES;
				CURRENT_PROJECT_VERSION = 1;
				ENABLE_APP_SANDBOX = YES;
				ENABLE_HARDENED_RUNTIME = YES;
				ENABLE_OUTGOING_NETWORK_CONNECTIONS = YES;
				ENABLE_USER_SELECTED_FILES = readonly;
				GENERATE_INFOPLIST_FILE = YES;
				INFOPLIST_FILE = "Minimal Twitter Safari/Info.plist";
				INFOPLIST_KEY_CFBundleDisplayName = "Minimal Twitter Safari";
				INFOPLIST_KEY_NSHumanReadableCopyright = "";
				INFOPLIST_KEY_NSMainStoryboardFile = Main;
				INFOPLIST_KEY_NSPrincipalClass = NSApplication;
				INFOPLIST_KEY_NSViewGestureRecognizerIsExclusive = NO;
				LD_RUNPATH_SEARCH_PATHS = (
					"$(inherited)",
					"@executable_path/../Frameworks",
				);
				MARKETING_VERSION = 1.0;
				OTHER_LDFLAGS = (
					"-framework",
					SafariServices,
					"-framework",
					WebKit,
				);
				PRODUCT_BUNDLE_IDENTIFIER = dev.eli.minimaltwitter;
				PRODUCT_NAME = "$(TARGET_NAME)";
				REGISTER_APP_GROUPS = YES;
				STRING_CATALOG_GENERATE_SYMBOLS = YES;
				SWIFT_APPROACHABLE_CONCURRENCY = YES;
				SWIFT_DEFAULT_ACTOR_ISOLATION = MainActor;
				SWIFT_EMIT_LOC_STRINGS = YES;
				SWIFT_UPCOMING_FEATURE_MEMBER_IMPORT_VISIBILITY = YES;
				SWIFT_VERSION = 5.0;
			};
			name = Debug;
		};
		45699C3830591F6E0067C481 /* Release configuration for PBXNativeTarget "Minimal Twitter Safari" */ = {
			isa = XCBuildConfiguration;
			buildSettings = {
				ASSETCATALOG_COMPILER_APPICON_NAME = AppIcon;
				ASSETCATALOG_COMPILER_GLOBAL_ACCENT_COLOR_NAME = AccentColor;
				CODE_SIGN_STYLE = Automatic;
				COMBINE_HIDPI_IMAGES = YES;
				CURRENT_PROJECT_VERSION = 1;
				ENABLE_APP_SANDBOX = YES;
				ENABLE_HARDENED_RUNTIME = YES;
				ENABLE_OUTGOING_NETWORK_CONNECTIONS = YES;
				ENABLE_USER_SELECTED_FILES = readonly;
				GENERATE_INFOPLIST_FILE = YES;
				INFOPLIST_FILE = "Minimal Twitter Safari/Info.plist";
				INFOPLIST_KEY_CFBundleDisplayName = "Minimal Twitter Safari";
				INFOPLIST_KEY_NSHumanReadableCopyright = "";
				INFOPLIST_KEY_NSMainStoryboardFile = Main;
				INFOPLIST_KEY_NSPrincipalClass = NSApplication;
				INFOPLIST_KEY_NSViewGestureRecognizerIsExclusive = NO;
				LD_RUNPATH_SEARCH_PATHS = (
					"$(inherited)",
					"@executable_path/../Frameworks",
				);
				MARKETING_VERSION = 1.0;
				OTHER_LDFLAGS = (
					"-framework",
					SafariServices,
					"-framework",
					WebKit,
				);
				PRODUCT_BUNDLE_IDENTIFIER = dev.eli.minimaltwitter;
				PRODUCT_NAME = "$(TARGET_NAME)";
				REGISTER_APP_GROUPS = YES;
				STRING_CATALOG_GENERATE_SYMBOLS = YES;
				SWIFT_APPROACHABLE_CONCURRENCY = YES;
				SWIFT_DEFAULT_ACTOR_ISOLATION = MainActor;
				SWIFT_EMIT_LOC_STRINGS = YES;
				SWIFT_UPCOMING_FEATURE_MEMBER_IMPORT_VISIBILITY = YES;
				SWIFT_VERSION = 5.0;
			};
			name = Release;
		};
/* End XCBuildConfiguration section */

/* Begin XCConfigurationList section */
		45699C0830591F6D0067C481 /* Build configuration list for PBXProject "Minimal Twitter Safari" */ = {
			isa = XCConfigurationList;
			buildConfigurations = (
				45699C3030591F6E0067C481 /* Debug configuration for PBXProject "Minimal Twitter Safari" */,
				45699C3130591F6E0067C481 /* Release configuration for PBXProject "Minimal Twitter Safari" */,
			);
			defaultConfigurationName = Release;
		};
		45699C3230591F6E0067C481 /* Build configuration list for PBXNativeTarget "Minimal Twitter Safari Extension" */ = {
			isa = XCConfigurationList;
			buildConfigurations = (
				45699C3330591F6E0067C481 /* Debug configuration for PBXNativeTarget "Minimal Twitter Safari Extension" */,
				45699C3430591F6E0067C481 /* Release configuration for PBXNativeTarget "Minimal Twitter Safari Extension" */,
			);
			defaultConfigurationName = Release;
		};
		45699C3630591F6E0067C481 /* Build configuration list for PBXNativeTarget "Minimal Twitter Safari" */ = {
			isa = XCConfigurationList;
			buildConfigurations = (
				45699C3730591F6E0067C481 /* Debug configuration for PBXNativeTarget "Minimal Twitter Safari" */,
				45699C3830591F6E0067C481 /* Release configuration for PBXNativeTarget "Minimal Twitter Safari" */,
			);
			defaultConfigurationName = Release;
		};
/* End XCConfigurationList section */
	};
	rootObject = 45699C0530591F6D0067C481 /* Project object */;
	validationLevel = 1;
}
